
Microsoft Visual Studio Solution File, Format Version 12.00
# Visual Studio Version 17
VisualStudioVersion = 17.2.32630.192
MinimumVisualStudioVersion = 10.0.40219.1
Project("{FAE04EC0-301F-11D3-BF4B-00C04F79EFBC}") = "Face_Recognition_Attendance", "Face_Recognition_Attendance\Face_Recognition_Attendance.csproj", "{8C5CCF8A-AE4A-4AE5-9F24-06F304685E5C}"
EndProject
Global
	GlobalSection(SolutionConfigurationPlatforms) = preSolution
		Debug|Any CPU = Debug|Any CPU
		Release|Any CPU = Release|Any CPU
	EndGlobalSection
	GlobalSection(ProjectConfigurationPlatforms) = postSolution
		{8C5CCF8A-AE4A-4AE5-9F24-06F304685E5C}.Debug|Any CPU.ActiveCfg = Debug|Any CPU
		{8C5CCF8A-AE4A-4AE5-9F24-06F304685E5C}.Debug|Any CPU.Build.0 = Debug|Any CPU
		{8C5CCF8A-AE4A-4AE5-9F24-06F304685E5C}.Release|Any CPU.ActiveCfg = Release|Any CPU
		{8C5CCF8A-AE4A-4AE5-9F24-06F304685E5C}.Release|Any CPU.Build.0 = Release|Any CPU
	EndGlobalSection
	GlobalSection(SolutionProperties) = preSolution
		HideSolutionNode = FALSE
	EndGlobalSection
	GlobalSection(ExtensibilityGlobals) = postSolution
		SolutionGuid = {09545E9C-DA7E-4A2A-A905-E5D2CFD4A40D}
	EndGlobalSection
EndGlobal
